
Microsoft Visual Studio Solution File, Format Version 12.00
# Visual Studio Version 16
VisualStudioVersion = 25.0.1706.14
MinimumVisualStudioVersion = 10.0.40219.1
Project("{FAE04EC0-301F-11D3-BF4B-00C04F79EFBC}") = "ServerPMS", "ServerPMS\ServerPMS.csproj", "{3227A1D6-9EBF-4D8D-8139-CFB75F4ECBB8}"
EndProject
Project("{FAE04EC0-301F-11D3-BF4B-00C04F79EFBC}") = "ServerPMSTests", "Tests\ServerPMSTests.csproj", "{D15F6135-F474-4541-B200-183693D75B0D}"
EndProject
Global
	GlobalSection(SolutionConfigurationPlatforms) = preSolution
		Debug|Any CPU = Debug|Any CPU
		Release|Any CPU = Release|Any CPU
	EndGlobalSection
	GlobalSection(ProjectConfigurationPlatforms) = postSolution
		{3227A1D6-9EBF-4D8D-8139-CFB75F4ECBB8}.Debug|Any CPU.ActiveCfg = Debug|Any CPU
		{3227A1D6-9EBF-4D8D-8139-CFB75F4ECBB8}.Debug|Any CPU.Build.0 = Debug|Any CPU
		{3227A1D6-9EBF-4D8D-8139-CFB75F4ECBB8}.Release|Any CPU.ActiveCfg = Release|Any CPU
		{3227A1D6-9EBF-4D8D-8139-CFB75F4ECBB8}.Release|Any CPU.Build.0 = Release|Any CPU
		{D15F6135-F474-4541-B200-183693D75B0D}.Debug|Any CPU.ActiveCfg = Debug|Any CPU
		{D15F6135-F474-4541-B200-183693D75B0D}.Debug|Any CPU.Build.0 = Debug|Any CPU
		{D15F6135-F474-4541-B200-183693D75B0D}.Release|Any CPU.ActiveCfg = Release|Any CPU
		{D15F6135-F474-4541-B200-183693D75B0D}.Release|Any CPU.Build.0 = Release|Any CPU
	EndGlobalSection
	GlobalSection(SolutionProperties) = preSolution
		HideSolutionNode = FALSE
	EndGlobalSection
	GlobalSection(ExtensibilityGlobals) = postSolution
		SolutionGuid = {17A0B106-21E8-43CC-9E94-E0173B7DA079}
	EndGlobalSection
EndGlobal
